// !$*UTF8*$!
{
	archiveVersion = 1;
	classes = {
	};
	objectVersion = 50;
	objects = {

/* Begin PBXBuildFile section */
		A389DC752411FA94007EB7D8 /* AppDelegate.swift in Sources */ = {isa = PBXBuildFile; fileRef = A389DC742411FA94007EB7D8 /* AppDelegate.swift */; };
		A389DC772411FA94007EB7D8 /* SceneDelegate.swift in Sources */ = {isa = PBXBuildFile; fileRef = A389DC762411FA94007EB7D8 /* SceneDelegate.swift */; };
		A389DC792411FA94007EB7D8 /* ViewController.swift in Sources */ = {isa = PBXBuildFile; fileRef = A389DC782411FA94007EB7D8 /* ViewController.swift */; };
		A389DC7C2411FA94007EB7D8 /* Main.storyboard in Resources */ = {isa = PBXBuildFile; fileRef = A389DC7A2411FA94007EB7D8 /* Main.storyboard */; };
		A389DC7E2411FA98007EB7D8 /* Assets.xcassets in Resources */ = {isa = PBXBuildFile; fileRef = A389DC7D2411FA98007EB7D8 /* Assets.xcassets */; };
		A389DC812411FA98007EB7D8 /* LaunchScreen.storyboard in Resources */ = {isa = PBXBuildFile; fileRef = A389DC7F2411FA98007EB7D8 /* LaunchScreen.storyboard */; };
		A389DC8C2411FAD5007EB7D8 /* Artist.swift in Sources */ = {isa = PBXBuildFile; fileRef = A389DC8B2411FAD5007EB7D8 /* Artist.swift */; };
		A389DC8E2411FBF1007EB7D8 /* Genre.swift in Sources */ = {isa = PBXBuildFile; fileRef = A389DC8D2411FBF1007EB7D8 /* Genre.swift */; };
		A389DC902411FD26007EB7D8 /* Album.swift in Sources */ = {isa = PBXBuildFile; fileRef = A389DC8F2411FD26007EB7D8 /* Album.swift */; };
		A389DC932414CC1A007EB7D8 /* Song.swift in Sources */ = {isa = PBXBuildFile; fileRef = A389DC922414CC1A007EB7D8 /* Song.swift */; };
		A389DC9524158A1E007EB7D8 /* Stub.swift in Sources */ = {isa = PBXBuildFile; fileRef = A389DC9424158A1E007EB7D8 /* Stub.swift */; };
		A389DC9724158E4E007EB7D8 /* SearchViewController.swift in Sources */ = {isa = PBXBuildFile; fileRef = A389DC9624158E4E007EB7D8 /* SearchViewController.swift */; };
		A389DC9A2415F0FF007EB7D8 /* ArtistCell.swift in Sources */ = {isa = PBXBuildFile; fileRef = A389DC982415F0FF007EB7D8 /* ArtistCell.swift */; };
		A389DC9B2415F0FF007EB7D8 /* ArtistCell.xib in Resources */ = {isa = PBXBuildFile; fileRef = A389DC992415F0FF007EB7D8 /* ArtistCell.xib */; };
		A389DC9D2417363F007EB7D8 /* AlbumsViewController.swift in Sources */ = {isa = PBXBuildFile; fileRef = A389DC9C2417363F007EB7D8 /* AlbumsViewController.swift */; };
		A389DC9F241737FB007EB7D8 /* AlbumCell.swift in Sources */ = {isa = PBXBuildFile; fileRef = A389DC9E241737FB007EB7D8 /* AlbumCell.swift */; };
		A389DCA224173C97007EB7D8 /* AlbumCellViewModel.swift in Sources */ = {isa = PBXBuildFile; fileRef = A389DCA124173C97007EB7D8 /* AlbumCellViewModel.swift */; };
		A3B92C3A2419CF7B005E2D2D /* AlbumDetailViewController.swift in Sources */ = {isa = PBXBuildFile; fileRef = A3B92C392419CF7B005E2D2D /* AlbumDetailViewController.swift */; };
		A3B92C3C241E9156005E2D2D /* AlbumDetailViewModel.swift in Sources */ = {isa = PBXBuildFile; fileRef = A3B92C3B241E9156005E2D2D /* AlbumDetailViewModel.swift */; };
		A3B92C3E241EAB91005E2D2D /* SongViewModel.swift in Sources */ = {isa = PBXBuildFile; fileRef = A3B92C3D241EAB91005E2D2D /* SongViewModel.swift */; };
		A3B92C4024207338005E2D2D /* SongCell.swift in Sources */ = {isa = PBXBuildFile; fileRef = A3B92C3F24207338005E2D2D /* SongCell.swift */; };
		A3B92C43242101A5005E2D2D /* ItunesMedia.swift in Sources */ = {isa = PBXBuildFile; fileRef = A3B92C42242101A5005E2D2D /* ItunesMedia.swift */; };
		A3B92C4524210317005E2D2D /* Endpoint.swift in Sources */ = {isa = PBXBuildFile; fileRef = A3B92C4424210317005E2D2D /* Endpoint.swift */; };
/* End PBXBuildFile section */

/* Begin PBXFileReference section */
		A389DC712411FA94007EB7D8 /* iTunesSearch.app */ = {isa = PBXFileReference; explicitFileType = wrapper.application; includeInIndex = 0; path = iTunesSearch.app; sourceTree = BUILT_PRODUCTS_DIR; };
		A389DC742411FA94007EB7D8 /* AppDelegate.swift */ = {isa = PBXFileReference; lastKnownFileType = sourcecode.swift; path = AppDelegate.swift; sourceTree = "<group>"; };
		A389DC762411FA94007EB7D8 /* SceneDelegate.swift */ = {isa = PBXFileReference; lastKnownFileType = sourcecode.swift; path = SceneDelegate.swift; sourceTree = "<group>"; };
		A389DC782411FA94007EB7D8 /* ViewController.swift */ = {isa = PBXFileReference; lastKnownFileType = sourcecode.swift; path = ViewController.swift; sourceTree = "<group>"; };
		A389DC7B2411FA94007EB7D8 /* Base */ = {isa = PBXFileReference; lastKnownFileType = file.storyboard; name = Base; path = Base.lproj/Main.storyboard; sourceTree = "<group>"; };
		A389DC7D2411FA98007EB7D8 /* Assets.xcassets */ = {isa = PBXFileReference; lastKnownFileType = folder.assetcatalog; path = Assets.xcassets; sourceTree = "<group>"; };
		A389DC802411FA98007EB7D8 /* Base */ = {isa = PBXFileReference; lastKnownFileType = file.storyboard; name = Base; path = Base.lproj/LaunchScreen.storyboard; sourceTree = "<group>"; };
		A389DC822411FA98007EB7D8 /* Info.plist */ = {isa = PBXFileReference; lastKnownFileType = text.plist.xml; path = Info.plist; sourceTree = "<group>"; };
		A389DC8B2411FAD5007EB7D8 /* Artist.swift */ = {isa = PBXFileReference; lastKnownFileType = sourcecode.swift; path = Artist.swift; sourceTree = "<group>"; };
		A389DC8D2411FBF1007EB7D8 /* Genre.swift */ = {isa = PBXFileReference; lastKnownFileType = sourcecode.swift; path = Genre.swift; sourceTree = "<group>"; };
		A389DC8F2411FD26007EB7D8 /* Album.swift */ = {isa = PBXFileReference; lastKnownFileType = sourcecode.swift; path = Album.swift; sourceTree = "<group>"; };
		A389DC922414CC1A007EB7D8 /* Song.swift */ = {isa = PBXFileReference; lastKnownFileType = sourcecode.swift; path = Song.swift; sourceTree = "<group>"; };
		A389DC9424158A1E007EB7D8 /* Stub.swift */ = {isa = PBXFileReference; lastKnownFileType = sourcecode.swift; path = Stub.swift; sourceTree = "<group>"; };
		A389DC9624158E4E007EB7D8 /* SearchViewController.swift */ = {isa = PBXFileReference; lastKnownFileType = sourcecode.swift; path = SearchViewController.swift; sourceTree = "<group>"; };
		A389DC982415F0FF007EB7D8 /* ArtistCell.swift */ = {isa = PBXFileReference; lastKnownFileType = sourcecode.swift; path = ArtistCell.swift; sourceTree = "<group>"; };
		A389DC992415F0FF007EB7D8 /* ArtistCell.xib */ = {isa = PBXFileReference; lastKnownFileType = file.xib; path = ArtistCell.xib; sourceTree = "<group>"; };
		A389DC9C2417363F007EB7D8 /* AlbumsViewController.swift */ = {isa = PBXFileReference; lastKnownFileType = sourcecode.swift; path = AlbumsViewController.swift; sourceTree = "<group>"; };
		A389DC9E241737FB007EB7D8 /* AlbumCell.swift */ = {isa = PBXFileReference; lastKnownFileType = sourcecode.swift; path = AlbumCell.swift; sourceTree = "<group>"; };
		A389DCA124173C97007EB7D8 /* AlbumCellViewModel.swift */ = {isa = PBXFileReference; lastKnownFileType = sourcecode.swift; path = AlbumCellViewModel.swift; sourceTree = "<group>"; };
		A3B92C392419CF7B005E2D2D /* AlbumDetailViewController.swift */ = {isa = PBXFileReference; lastKnownFileType = sourcecode.swift; path = AlbumDetailViewController.swift; sourceTree = "<group>"; };
		A3B92C3B241E9156005E2D2D /* AlbumDetailViewModel.swift */ = {isa = PBXFileReference; lastKnownFileType = sourcecode.swift; path = AlbumDetailViewModel.swift; sourceTree = "<group>"; };
		A3B92C3D241EAB91005E2D2D /* SongViewModel.swift */ = {isa = PBXFileReference; lastKnownFileType = sourcecode.swift; path = SongViewModel.swift; sourceTree = "<group>"; };
		A3B92C3F24207338005E2D2D /* SongCell.swift */ = {isa = PBXFileReference; lastKnownFileType = sourcecode.swift; path = SongCell.swift; sourceTree = "<group>"; };
		A3B92C42242101A5005E2D2D /* ItunesMedia.swift */ = {isa = PBXFileReference; lastKnownFileType = sourcecode.swift; path = ItunesMedia.swift; sourceTree = "<group>"; };
		A3B92C4424210317005E2D2D /* Endpoint.swift */ = {isa = PBXFileReference; lastKnownFileType = sourcecode.swift; path = Endpoint.swift; sourceTree = "<group>"; };
/* End PBXFileReference section */

/* Begin PBXFrameworksBuildPhase section */
		A389DC6E2411FA94007EB7D8 /* Frameworks */ = {
			isa = PBXFrameworksBuildPhase;
			buildActionMask = 2147483647;
			files = (
			);
			runOnlyForDeploymentPostprocessing = 0;
		};
/* End PBXFrameworksBuildPhase section */

/* Begin PBXGroup section */
		A389DC682411FA94007EB7D8 = {
			isa = PBXGroup;
			children = (
				A389DC732411FA94007EB7D8 /* iTunesSearch */,
				A389DC722411FA94007EB7D8 /* Products */,
			);
			sourceTree = "<group>";
		};
		A389DC722411FA94007EB7D8 /* Products */ = {
			isa = PBXGroup;
			children = (
				A389DC712411FA94007EB7D8 /* iTunesSearch.app */,
			);
			name = Products;
			sourceTree = "<group>";
		};
		A389DC732411FA94007EB7D8 /* iTunesSearch */ = {
			isa = PBXGroup;
			children = (
				A389DCA024173C84007EB7D8 /* View Models */,
				A389DC8A2411FABC007EB7D8 /* Controllers */,
				A389DC892411FAB4007EB7D8 /* Views */,
				A389DC882411FAA1007EB7D8 /* Models */,
				A389DC742411FA94007EB7D8 /* AppDelegate.swift */,
				A389DC762411FA94007EB7D8 /* SceneDelegate.swift */,
				A389DC7A2411FA94007EB7D8 /* Main.storyboard */,
				A389DC7D2411FA98007EB7D8 /* Assets.xcassets */,
				A389DC7F2411FA98007EB7D8 /* LaunchScreen.storyboard */,
				A389DC822411FA98007EB7D8 /* Info.plist */,
			);
			path = iTunesSearch;
			sourceTree = "<group>";
		};
		A389DC882411FAA1007EB7D8 /* Models */ = {
			isa = PBXGroup;
			children = (
				A3B92C412421017A005E2D2D /* Endpoint */,
				A389DC8B2411FAD5007EB7D8 /* Artist.swift */,
				A389DC8D2411FBF1007EB7D8 /* Genre.swift */,
				A389DC8F2411FD26007EB7D8 /* Album.swift */,
				A389DC922414CC1A007EB7D8 /* Song.swift */,
				A389DC9424158A1E007EB7D8 /* Stub.swift */,
			);
			path = Models;
			sourceTree = "<group>";
		};
		A389DC892411FAB4007EB7D8 /* Views */ = {
			isa = PBXGroup;
			children = (
				A389DC982415F0FF007EB7D8 /* ArtistCell.swift */,
				A389DC992415F0FF007EB7D8 /* ArtistCell.xib */,
				A389DC9E241737FB007EB7D8 /* AlbumCell.swift */,
				A3B92C3F24207338005E2D2D /* SongCell.swift */,
			);
			path = Views;
			sourceTree = "<group>";
		};
		A389DC8A2411FABC007EB7D8 /* Controllers */ = {
			isa = PBXGroup;
			children = (
				A389DC782411FA94007EB7D8 /* ViewController.swift */,
				A389DC9624158E4E007EB7D8 /* SearchViewController.swift */,
				A389DC9C2417363F007EB7D8 /* AlbumsViewController.swift */,
				A3B92C392419CF7B005E2D2D /* AlbumDetailViewController.swift */,
			);
			path = Controllers;
			sourceTree = "<group>";
		};
		A389DCA024173C84007EB7D8 /* View Models */ = {
			isa = PBXGroup;
			children = (
				A389DCA124173C97007EB7D8 /* AlbumCellViewModel.swift */,
				A3B92C3B241E9156005E2D2D /* AlbumDetailViewModel.swift */,
				A3B92C3D241EAB91005E2D2D /* SongViewModel.swift */,
			);
			path = "View Models";
			sourceTree = "<group>";
		};
		A3B92C412421017A005E2D2D /* Endpoint */ = {
			isa = PBXGroup;
			children = (
				A3B92C42242101A5005E2D2D /* ItunesMedia.swift */,
				A3B92C4424210317005E2D2D /* Endpoint.swift */,
			);
			path = Endpoint;
			sourceTree = "<group>";
		};
/* End PBXGroup section */

/* Begin PBXNativeTarget section */
		A389DC702411FA94007EB7D8 /* iTunesSearch */ = {
			isa = PBXNativeTarget;
			buildConfigurationList = A389DC852411FA98007EB7D8 /* Build configuration list for PBXNativeTarget "iTunesSearch" */;
			buildPhases = (
				A389DC6D2411FA94007EB7D8 /* Sources */,
				A389DC6E2411FA94007EB7D8 /* Frameworks */,
				A389DC6F2411FA94007EB7D8 /* Resources */,
			);
			buildRules = (
			);
			dependencies = (
			);
			name = iTunesSearch;
			productName = iTunesSearch;
			productReference = A389DC712411FA94007EB7D8 /* iTunesSearch.app */;
			productType = "com.apple.product-type.application";
		};
/* End PBXNativeTarget section */

/* Begin PBXProject section */
		A389DC692411FA94007EB7D8 /* Project object */ = {
			isa = PBXProject;
			attributes = {
				LastSwiftUpdateCheck = 1130;
				LastUpgradeCheck = 1130;
				TargetAttributes = {
					A389DC702411FA94007EB7D8 = {
						CreatedOnToolsVersion = 11.3.1;
					};
				};
			};
			buildConfigurationList = A389DC6C2411FA94007EB7D8 /* Build configuration list for PBXProject "iTunesSearch" */;
			compatibilityVersion = "Xcode 9.3";
			developmentRegion = en;
			hasScannedForEncodings = 0;
			knownRegions = (
				en,
				Base,
			);
			mainGroup = A389DC682411FA94007EB7D8;
			productRefGroup = A389DC722411FA94007EB7D8 /* Products */;
			projectDirPath = "";
			projectRoot = "";
			targets = (
				A389DC702411FA94007EB7D8 /* iTunesSearch */,
			);
		};
/* End PBXProject section */

/* Begin PBXResourcesBuildPhase section */
		A389DC6F2411FA94007EB7D8 /* Resources */ = {
			isa = PBXResourcesBuildPhase;
			buildActionMask = 2147483647;
			files = (
				A389DC812411FA98007EB7D8 /* LaunchScreen.storyboard in Resources */,
				A389DC7E2411FA98007EB7D8 /* Assets.xcassets in Resources */,
				A389DC9B2415F0FF007EB7D8 /* ArtistCell.xib in Resources */,
				A389DC7C2411FA94007EB7D8 /* Main.storyboard in Resources */,
			);
			runOnlyForDeploymentPostprocessing = 0;
		};
/* End PBXResourcesBuildPhase section */

/* Begin PBXSourcesBuildPhase section */
		A389DC6D2411FA94007EB7D8 /* Sources */ = {
			isa = PBXSourcesBuildPhase;
			buildActionMask = 2147483647;
			files = (
				A389DC932414CC1A007EB7D8 /* Song.swift in Sources */,
				A3B92C3E241EAB91005E2D2D /* SongViewModel.swift in Sources */,
				A389DC792411FA94007EB7D8 /* ViewController.swift in Sources */,
				A389DC752411FA94007EB7D8 /* AppDelegate.swift in Sources */,
				A389DCA224173C97007EB7D8 /* AlbumCellViewModel.swift in Sources */,
				A389DC9D2417363F007EB7D8 /* AlbumsViewController.swift in Sources */,
				A389DC9724158E4E007EB7D8 /* SearchViewController.swift in Sources */,
				A389DC9524158A1E007EB7D8 /* Stub.swift in Sources */,
				A389DC8C2411FAD5007EB7D8 /* Artist.swift in Sources */,
				A389DC772411FA94007EB7D8 /* SceneDelegate.swift in Sources */,
				A389DC8E2411FBF1007EB7D8 /* Genre.swift in Sources */,
				A3B92C4024207338005E2D2D /* SongCell.swift in Sources */,
				A3B92C4524210317005E2D2D /* Endpoint.swift in Sources */,
				A389DC9A2415F0FF007EB7D8 /* ArtistCell.swift in Sources */,
				A389DC902411FD26007EB7D8 /* Album.swift in Sources */,
				A3B92C43242101A5005E2D2D /* ItunesMedia.swift in Sources */,
				A389DC9F241737FB007EB7D8 /* AlbumCell.swift in Sources */,
				A3B92C3A2419CF7B005E2D2D /* AlbumDetailViewController.swift in Sources */,
				A3B92C3C241E9156005E2D2D /* AlbumDetailViewModel.swift in Sources */,
			);
			runOnlyForDeploymentPostprocessing = 0;
		};
/* End PBXSourcesBuildPhase section */

/* Begin PBXVariantGroup section */
		A389DC7A2411FA94007EB7D8 /* Main.storyboard */ = {
			isa = PBXVariantGroup;
			children = (
				A389DC7B2411FA94007EB7D8 /* Base */,
			);
			name = Main.storyboard;
			sourceTree = "<group>";
		};
		A389DC7F2411FA98007EB7D8 /* LaunchScreen.storyboard */ = {
			isa = PBXVariantGroup;
			children = (
				A389DC802411FA98007EB7D8 /* Base */,
			);
			name = LaunchScreen.storyboard;
			sourceTree = "<group>";
		};
/* End PBXVariantGroup section */

/* Begin XCBuildConfiguration section */
		A389DC832411FA98007EB7D8 /* Debug */ = {
			isa = XCBuildConfiguration;
			buildSettings = {
				ALWAYS_SEARCH_USER_PATHS = NO;
				CLANG_ANALYZER_NONNULL = YES;
				CLANG_ANALYZER_NUMBER_OBJECT_CONVERSION = YES_AGGRESSIVE;
				CLANG_CXX_LANGUAGE_STANDARD = "gnu++14";
				CLANG_CXX_LIBRARY = "libc++";
				CLANG_ENABLE_MODULES = YES;
				CLANG_ENABLE_OBJC_ARC = YES;
				CLANG_ENABLE_OBJC_WEAK = YES;
				CLANG_WARN_BLOCK_CAPTURE_AUTORELEASING = YES;
				CLANG_WARN_BOOL_CONVERSION = YES;
				CLANG_WARN_COMMA = YES;
				CLANG_WARN_CONSTANT_CONVERSION = YES;
				CLANG_WARN_DEPRECATED_OBJC_IMPLEMENTATIONS = YES;
				CLANG_WARN_DIRECT_OBJC_ISA_USAGE = YES_ERROR;
				CLANG_WARN_DOCUMENTATION_COMMENTS = YES;
				CLANG_WARN_EMPTY_BODY = YES;
				CLANG_WARN_ENUM_CONVERSION = YES;
				CLANG_WARN_INFINITE_RECURSION = YES;
				CLANG_WARN_INT_CONVERSION = YES;
				CLANG_WARN_NON_LITERAL_NULL_CONVERSION = YES;
				CLANG_WARN_OBJC_IMPLICIT_RETAIN_SELF = YES;
				CLANG_WARN_OBJC_LITERAL_CONVERSION = YES;
				CLANG_WARN_OBJC_ROOT_CLASS = YES_ERROR;
				CLANG_WARN_RANGE_LOOP_ANALYSIS = YES;
				CLANG_WARN_STRICT_PROTOTYPES = YES;
				CLANG_WARN_SUSPICIOUS_MOVE = YES;
				CLANG_WARN_UNGUARDED_AVAILABILITY = YES_AGGRESSIVE;
				CLANG_WARN_UNREACHABLE_CODE = YES;
				CLANG_WARN__DUPLICATE_METHOD_MATCH = YES;
				COPY_PHASE_STRIP = NO;
				DEBUG_INFORMATION_FORMAT = dwarf;
				ENABLE_STRICT_OBJC_MSGSEND = YES;
				ENABLE_TESTABILITY = YES;
				GCC_C_LANGUAGE_STANDARD = gnu11;
				GCC_DYNAMIC_NO_PIC = NO;
				GCC_NO_COMMON_BLOCKS = YES;
				GCC_OPTIMIZATION_LEVEL = 0;
				GCC_PREPROCESSOR_DEFINITIONS = (
					"DEBUG=1",
					"$(inherited)",
				);
				GCC_WARN_64_TO_32_BIT_CONVERSION = YES;
				GCC_WARN_ABOUT_RETURN_TYPE = YES_ERROR;
				GCC_WARN_UNDECLARED_SELECTOR = YES;
				GCC_WARN_UNINITIALIZED_AUTOS = YES_AGGRESSIVE;
				GCC_WARN_UNUSED_FUNCTION = YES;
				GCC_WARN_UNUSED_VARIABLE = YES;
				IPHONEOS_DEPLOYMENT_TARGET = 13.2;
				MTL_ENABLE_DEBUG_INFO = INCLUDE_SOURCE;
				MTL_FAST_MATH = YES;
				ONLY_ACTIVE_ARCH = YES;
				SDKROOT = iphoneos;
				SWIFT_ACTIVE_COMPILATION_CONDITIONS = DEBUG;
				SWIFT_OPTIMIZATION_LEVEL = "-Onone";
			};
			name = Debug;
		};
		A389DC842411FA98007EB7D8 /* Release */ = {
			isa = XCBuildConfiguration;
			buildSettings = {
				ALWAYS_SEARCH_USER_PATHS = NO;
				CLANG_ANALYZER_NONNULL = YES;
				CLANG_ANALYZER_NUMBER_OBJECT_CONVERSION = YES_AGGRESSIVE;
				CLANG_CXX_LANGUAGE_STANDARD = "gnu++14";
				CLANG_CXX_LIBRARY = "libc++";
				CLANG_ENABLE_MODULES = YES;
				CLANG_ENABLE_OBJC_ARC = YES;
				CLANG_ENABLE_OBJC_WEAK = YES;
				CLANG_WARN_BLOCK_CAPTURE_AUTORELEASING = YES;
				CLANG_WARN_BOOL_CONVERSION = YES;
				CLANG_WARN_COMMA = YES;
				CLANG_WARN_CONSTANT_CONVERSION = YES;
				CLANG_WARN_DEPRECATED_OBJC_IMPLEMENTATIONS = YES;
				CLANG_WARN_DIRECT_OBJC_ISA_USAGE = YES_ERROR;
				CLANG_WARN_DOCUMENTATION_COMMENTS = YES;
				CLANG_WARN_EMPTY_BODY = YES;
				CLANG_WARN_ENUM_CONVERSION = YES;
				CLANG_WARN_INFINITE_RECURSION = YES;
				CLANG_WARN_INT_CONVERSION = YES;
				CLANG_WARN_NON_LITERAL_NULL_CONVERSION = YES;
				CLANG_WARN_OBJC_IMPLICIT_RETAIN_SELF = YES;
				CLANG_WARN_OBJC_LITERAL_CONVERSION = YES;
				CLANG_WARN_OBJC_ROOT_CLASS = YES_ERROR;
				CLANG_WARN_RANGE_LOOP_ANALYSIS = YES;
				CLANG_WARN_STRICT_PROTOTYPES = YES;
				CLANG_WARN_SUSPICIOUS_MOVE = YES;
				CLANG_WARN_UNGUARDED_AVAILABILITY = YES_AGGRESSIVE;
				CLANG_WARN_UNREACHABLE_CODE = YES;
				CLANG_WARN__DUPLICATE_METHOD_MATCH = YES;
				COPY_PHASE_STRIP = NO;
				DEBUG_INFORMATION_FORMAT = "dwarf-with-dsym";
				ENABLE_NS_ASSERTIONS = NO;
				ENABLE_STRICT_OBJC_MSGSEND = YES;
				GCC_C_LANGUAGE_STANDARD = gnu11;
				GCC_NO_COMMON_BLOCKS = YES;
				GCC_WARN_64_TO_32_BIT_CONVERSION = YES;
				GCC_WARN_ABOUT_RETURN_TYPE = YES_ERROR;
				GCC_WARN_UNDECLARED_SELECTOR = YES;
				GCC_WARN_UNINITIALIZED_AUTOS = YES_AGGRESSIVE;
				GCC_WARN_UNUSED_FUNCTION = YES;
				GCC_WARN_UNUSED_VARIABLE = YES;
				IPHONEOS_DEPLOYMENT_TARGET = 13.2;
				MTL_ENABLE_DEBUG_INFO = NO;
				MTL_FAST_MATH = YES;
				SDKROOT = iphoneos;
				SWIFT_COMPILATION_MODE = wholemodule;
				SWIFT_OPTIMIZATION_LEVEL = "-O";
				VALIDATE_PRODUCT = YES;
			};
			name = Release;
		};
		A389DC862411FA98007EB7D8 /* Debug */ = {
			isa = XCBuildConfiguration;
			buildSettings = {
				ASSETCATALOG_COMPILER_APPICON_NAME = AppIcon;
				CODE_SIGN_STYLE = Automatic;
				DEVELOPMENT_TEAM = 352L99K7K5;
				INFOPLIST_FILE = iTunesSearch/Info.plist;
				LD_RUNPATH_SEARCH_PATHS = (
					"$(inherited)",
					"@executable_path/Frameworks",
				);
				PRODUCT_BUNDLE_IDENTIFIER = com..iTunesSearch;
				PRODUCT_NAME = "$(TARGET_NAME)";
				SWIFT_VERSION = 5.0;
				TARGETED_DEVICE_FAMILY = "1,2";
			};
			name = Debug;
		};
		A389DC872411FA98007EB7D8 /* Release */ = {
			isa = XCBuildConfiguration;
			buildSettings = {
				ASSETCATALOG_COMPILER_APPICON_NAME = AppIcon;
				CODE_SIGN_STYLE = Automatic;
				DEVELOPMENT_TEAM = 352L99K7K5;
				INFOPLIST_FILE = iTunesSearch/Info.plist;
				LD_RUNPATH_SEARCH_PATHS = (
					"$(inherited)",
					"@executable_path/Frameworks",
				);
				PRODUCT_BUNDLE_IDENTIFIER = com..iTunesSearch;
				PRODUCT_NAME = "$(TARGET_NAME)";
				SWIFT_VERSION = 5.0;
				TARGETED_DEVICE_FAMILY = "1,2";
			};
			name = Release;
		};
/* End XCBuildConfiguration section */

/* Begin XCConfigurationList section */
		A389DC6C2411FA94007EB7D8 /* Build configuration list for PBXProject "iTunesSearch" */ = {
			isa = XCConfigurationList;
			buildConfigurations = (
				A389DC832411FA98007EB7D8 /* Debug */,
				A389DC842411FA98007EB7D8 /* Release */,
			);
			defaultConfigurationIsVisible = 0;
			defaultConfigurationName = Release;
		};
		A389DC852411FA98007EB7D8 /* Build configuration list for PBXNativeTarget "iTunesSearch" */ = {
			isa = XCConfigurationList;
			buildConfigurations = (
				A389DC862411FA98007EB7D8 /* Debug */,
				A389DC872411FA98007EB7D8 /* Release */,
			);
			defaultConfigurationIsVisible = 0;
			defaultConfigurationName = Release;
		};
/* End XCConfigurationList section */
	};
	rootObject = A389DC692411FA94007EB7D8 /* Project object */;
}
